
Microsoft Visual Studio Solution File, Format Version 12.00
# Visual Studio 14
VisualStudioVersion = 14.0.24720.0
MinimumVisualStudioVersion = 10.0.40219.1
Project("{FAE04EC0-301F-11D3-BF4B-00C04F79EFBC}") = "App", "App\App.csproj", "{7B38130F-58BB-4DC9-B59C-383B36D77184}"
EndProject
Project("{FAE04EC0-301F-11D3-BF4B-00C04F79EFBC}") = "App.Tests", "App.Tests\App.Tests.csproj", "{A6B4BDC1-12D6-4616-A461-E571156BEFE3}"
EndProject
Global
	GlobalSection(SolutionConfigurationPlatforms) = preSolution
		Debug|Any CPU = Debug|Any CPU
		Release|Any CPU = Release|Any CPU
	EndGlobalSection
	GlobalSection(ProjectConfigurationPlatforms) = postSolution
		{7B38130F-58BB-4DC9-B59C-383B36D77184}.Debug|Any CPU.ActiveCfg = Debug|Any CPU
		{7B38130F-58BB-4DC9-B59C-383B36D77184}.Debug|Any CPU.Build.0 = Debug|Any CPU
		{7B38130F-58BB-4DC9-B59C-383B36D77184}.Release|Any CPU.ActiveCfg = Release|Any CPU
		{7B38130F-58BB-4DC9-B59C-383B36D77184}.Release|Any CPU.Build.0 = Release|Any CPU
		{A6B4BDC1-12D6-4616-A461-E571156BEFE3}.Debug|Any CPU.ActiveCfg = Debug|Any CPU
		{A6B4BDC1-12D6-4616-A461-E571156BEFE3}.Debug|Any CPU.Build.0 = Debug|Any CPU
		{A6B4BDC1-12D6-4616-A461-E571156BEFE3}.Release|Any CPU.ActiveCfg = Release|Any CPU
		{A6B4BDC1-12D6-4616-A461-E571156BEFE3}.Release|Any CPU.Build.0 = Release|Any CPU
	EndGlobalSection
	GlobalSection(SolutionProperties) = preSolution
		HideSolutionNode = FALSE
	EndGlobalSection
EndGlobal
